# Backend package-lock.json oluşturun
cd backend
rm -f package-lock.json
npm install
git add package-lock.json

# Frontend package-lock.json oluşturun  
cd ../frontend
rm -f package-lock.json
npm install
git add package-lock.json

# Değişiklikleri commit edin
git commit -m "Add missing package-lock.json files and fix Dockerfiles"
git push origin main